Microsoft Visual Studio Solution File, Format Version 8.00
Project("{8BC9CEB8-8B4A-11D0-8D11-00A0C91BC942}") = "Buttons", "Buttons\Buttons.vcproj", "{0A585298-3F1D-4962-AEBD-EC1F628F7AC9}"
	ProjectSection(ProjectDependencies) = postProject
	EndProjectSection
EndProject
Project("{8BC9CEB8-8B4A-11D0-8D11-00A0C91BC942}") = "FormViewDemo", "FormViewDemo\FormViewDemo.vcproj", "{A471959B-DBD3-41B0-9DD7-E4ED66593753}"
	ProjectSection(ProjectDependencies) = postProject
	EndProjectSection
EndProject
Project("{8BC9CEB8-8B4A-11D0-8D11-00A0C91BC942}") = "MDIDemo", "MDIDemo\MDIDemo.vcproj", "{8EFB7A9E-B75A-47C8-A359-72C323383C8F}"
	ProjectSection(ProjectDependencies) = postProject
	EndProjectSection
EndProject
Project("{8BC9CEB8-8B4A-11D0-8D11-00A0C91BC942}") = "MFCControls", "MFCControls\MFCControls.vcproj", "{BA86B137-EB35-4196-AC0B-C59424DA0056}"
	ProjectSection(ProjectDependencies) = postProject
	EndProjectSection
EndProject
Project("{8BC9CEB8-8B4A-11D0-8D11-00A0C91BC942}") = "MFCDialog", "MFCDialog\MFCDialog.vcproj", "{2191D0C9-C236-4076-B937-9213EAD14855}"
	ProjectSection(ProjectDependencies) = postProject
	EndProjectSection
EndProject
Project("{8BC9CEB8-8B4A-11D0-8D11-00A0C91BC942}") = "PropSheet", "PropSheet\PropSheet.vcproj", "{B9DCA219-113E-480A-B43E-8981A34524A6}"
	ProjectSection(ProjectDependencies) = postProject
	EndProjectSection
EndProject
Project("{8BC9CEB8-8B4A-11D0-8D11-00A0C91BC942}") = "SDIDemo", "SDIDemo\SDIDemo.vcproj", "{106CE2EA-B23D-49D0-A9A3-EEA809ACB56F}"
	ProjectSection(ProjectDependencies) = postProject
	EndProjectSection
EndProject
Project("{8BC9CEB8-8B4A-11D0-8D11-00A0C91BC942}") = "ShapeWindowDemo", "ShapeWindowDemo\ShapeWindowDemo.vcproj", "{3BBDB6ED-E0F9-4272-A6E9-77728C4616FF}"
	ProjectSection(ProjectDependencies) = postProject
	EndProjectSection
EndProject
Project("{8BC9CEB8-8B4A-11D0-8D11-00A0C91BC942}") = "TransparentDemo", "TransparentDemo\TransparentDemo.vcproj", "{D6CD5573-7655-4C6F-ACBB-FC7604695212}"
	ProjectSection(ProjectDependencies) = postProject
	EndProjectSection
EndProject
Project("{8BC9CEB8-8B4A-11D0-8D11-00A0C91BC942}") = "WordPad", "..\Tutorial\wordpad\wordpad.vcproj", "{064B200B-F453-4E20-925A-4F802641C686}"
	ProjectSection(ProjectDependencies) = postProject
	EndProjectSection
EndProject
Project("{8BC9CEB8-8B4A-11D0-8D11-00A0C91BC942}") = "TestDll", "TestDll\TestDll.vcproj", "{0DC86032-3ED0-4687-9A2A-E3A5601A2BC4}"
	ProjectSection(ProjectDependencies) = postProject
	EndProjectSection
EndProject
Project("{8BC9CEB8-8B4A-11D0-8D11-00A0C91BC942}") = "libcoolsb", "..\..\..\src\libcoolsb\libcoolsb.vcproj", "{A0B46AC8-9D79-470E-A9F6-CD7F168E6749}"
	ProjectSection(ProjectDependencies) = postProject
	EndProjectSection
EndProject
Project("{8BC9CEB8-8B4A-11D0-8D11-00A0C91BC942}") = "Skin", "..\..\..\src\Skin.vcproj", "{81ABF0EA-ED68-43CA-9A08-B3A009A46D23}"
	ProjectSection(ProjectDependencies) = postProject
	EndProjectSection
EndProject
Project("{8BC9CEB8-8B4A-11D0-8D11-00A0C91BC942}") = "SimpleDialog", "..\..\..\examples\SimpleDialog\SimpleDialog.vcproj", "{B28AD36B-F6AB-4D82-A264-E7322ACE24DF}"
	ProjectSection(ProjectDependencies) = postProject
	EndProjectSection
EndProject
Global
	GlobalSection(SolutionConfiguration) = preSolution
		Debug = Debug
		Release = Release
		TRelease = TRelease
	EndGlobalSection
	GlobalSection(ProjectConfiguration) = postSolution
		{0A585298-3F1D-4962-AEBD-EC1F628F7AC9}.Debug.ActiveCfg = Debug|Win32
		{0A585298-3F1D-4962-AEBD-EC1F628F7AC9}.Debug.Build.0 = Debug|Win32
		{0A585298-3F1D-4962-AEBD-EC1F628F7AC9}.Release.ActiveCfg = Release|Win32
		{0A585298-3F1D-4962-AEBD-EC1F628F7AC9}.Release.Build.0 = Release|Win32
		{0A585298-3F1D-4962-AEBD-EC1F628F7AC9}.TRelease.ActiveCfg = Release|Win32
		{0A585298-3F1D-4962-AEBD-EC1F628F7AC9}.TRelease.Build.0 = Release|Win32
		{A471959B-DBD3-41B0-9DD7-E4ED66593753}.Debug.ActiveCfg = Debug|Win32
		{A471959B-DBD3-41B0-9DD7-E4ED66593753}.Debug.Build.0 = Debug|Win32
		{A471959B-DBD3-41B0-9DD7-E4ED66593753}.Release.ActiveCfg = Release|Win32
		{A471959B-DBD3-41B0-9DD7-E4ED66593753}.Release.Build.0 = Release|Win32
		{A471959B-DBD3-41B0-9DD7-E4ED66593753}.TRelease.ActiveCfg = TRelease|Win32
		{A471959B-DBD3-41B0-9DD7-E4ED66593753}.TRelease.Build.0 = TRelease|Win32
		{8EFB7A9E-B75A-47C8-A359-72C323383C8F}.Debug.ActiveCfg = Debug|Win32
		{8EFB7A9E-B75A-47C8-A359-72C323383C8F}.Debug.Build.0 = Debug|Win32
		{8EFB7A9E-B75A-47C8-A359-72C323383C8F}.Release.ActiveCfg = Release|Win32
		{8EFB7A9E-B75A-47C8-A359-72C323383C8F}.Release.Build.0 = Release|Win32
		{8EFB7A9E-B75A-47C8-A359-72C323383C8F}.TRelease.ActiveCfg = Release|Win32
		{8EFB7A9E-B75A-47C8-A359-72C323383C8F}.TRelease.Build.0 = Release|Win32
		{BA86B137-EB35-4196-AC0B-C59424DA0056}.Debug.ActiveCfg = Debug|Win32
		{BA86B137-EB35-4196-AC0B-C59424DA0056}.Debug.Build.0 = Debug|Win32
		{BA86B137-EB35-4196-AC0B-C59424DA0056}.Release.ActiveCfg = Release|Win32
		{BA86B137-EB35-4196-AC0B-C59424DA0056}.Release.Build.0 = Release|Win32
		{BA86B137-EB35-4196-AC0B-C59424DA0056}.TRelease.ActiveCfg = Release|Win32
		{BA86B137-EB35-4196-AC0B-C59424DA0056}.TRelease.Build.0 = Release|Win32
		{2191D0C9-C236-4076-B937-9213EAD14855}.Debug.ActiveCfg = Debug|Win32
		{2191D0C9-C236-4076-B937-9213EAD14855}.Debug.Build.0 = Debug|Win32
		{2191D0C9-C236-4076-B937-9213EAD14855}.Release.ActiveCfg = Release|Win32
		{2191D0C9-C236-4076-B937-9213EAD14855}.Release.Build.0 = Release|Win32
		{2191D0C9-C236-4076-B937-9213EAD14855}.TRelease.ActiveCfg = Release|Win32
		{2191D0C9-C236-4076-B937-9213EAD14855}.TRelease.Build.0 = Release|Win32
		{B9DCA219-113E-480A-B43E-8981A34524A6}.Debug.ActiveCfg = Debug|Win32
		{B9DCA219-113E-480A-B43E-8981A34524A6}.Debug.Build.0 = Debug|Win32
		{B9DCA219-113E-480A-B43E-8981A34524A6}.Release.ActiveCfg = Release|Win32
		{B9DCA219-113E-480A-B43E-8981A34524A6}.Release.Build.0 = Release|Win32
		{B9DCA219-113E-480A-B43E-8981A34524A6}.TRelease.ActiveCfg = Release|Win32
		{B9DCA219-113E-480A-B43E-8981A34524A6}.TRelease.Build.0 = Release|Win32
		{106CE2EA-B23D-49D0-A9A3-EEA809ACB56F}.Debug.ActiveCfg = Debug|Win32
		{106CE2EA-B23D-49D0-A9A3-EEA809ACB56F}.Debug.Build.0 = Debug|Win32
		{106CE2EA-B23D-49D0-A9A3-EEA809ACB56F}.Release.ActiveCfg = Release|Win32
		{106CE2EA-B23D-49D0-A9A3-EEA809ACB56F}.Release.Build.0 = Release|Win32
		{106CE2EA-B23D-49D0-A9A3-EEA809ACB56F}.TRelease.ActiveCfg = Release|Win32
		{106CE2EA-B23D-49D0-A9A3-EEA809ACB56F}.TRelease.Build.0 = Release|Win32
		{3BBDB6ED-E0F9-4272-A6E9-77728C4616FF}.Debug.ActiveCfg = Debug|Win32
		{3BBDB6ED-E0F9-4272-A6E9-77728C4616FF}.Debug.Build.0 = Debug|Win32
		{3BBDB6ED-E0F9-4272-A6E9-77728C4616FF}.Release.ActiveCfg = Release|Win32
		{3BBDB6ED-E0F9-4272-A6E9-77728C4616FF}.Release.Build.0 = Release|Win32
		{3BBDB6ED-E0F9-4272-A6E9-77728C4616FF}.TRelease.ActiveCfg = Release|Win32
		{3BBDB6ED-E0F9-4272-A6E9-77728C4616FF}.TRelease.Build.0 = Release|Win32
		{D6CD5573-7655-4C6F-ACBB-FC7604695212}.Debug.ActiveCfg = Debug|Win32
		{D6CD5573-7655-4C6F-ACBB-FC7604695212}.Debug.Build.0 = Debug|Win32
		{D6CD5573-7655-4C6F-ACBB-FC7604695212}.Release.ActiveCfg = Release|Win32
		{D6CD5573-7655-4C6F-ACBB-FC7604695212}.Release.Build.0 = Release|Win32
		{D6CD5573-7655-4C6F-ACBB-FC7604695212}.TRelease.ActiveCfg = Release|Win32
		{D6CD5573-7655-4C6F-ACBB-FC7604695212}.TRelease.Build.0 = Release|Win32
		{064B200B-F453-4E20-925A-4F802641C686}.Debug.ActiveCfg = Debug|Win32
		{064B200B-F453-4E20-925A-4F802641C686}.Debug.Build.0 = Debug|Win32
		{064B200B-F453-4E20-925A-4F802641C686}.Release.ActiveCfg = Release|Win32
		{064B200B-F453-4E20-925A-4F802641C686}.Release.Build.0 = Release|Win32
		{064B200B-F453-4E20-925A-4F802641C686}.TRelease.ActiveCfg = Release|Win32
		{064B200B-F453-4E20-925A-4F802641C686}.TRelease.Build.0 = Release|Win32
		{0DC86032-3ED0-4687-9A2A-E3A5601A2BC4}.Debug.ActiveCfg = Debug|Win32
		{0DC86032-3ED0-4687-9A2A-E3A5601A2BC4}.Debug.Build.0 = Debug|Win32
		{0DC86032-3ED0-4687-9A2A-E3A5601A2BC4}.Release.ActiveCfg = Release|Win32
		{0DC86032-3ED0-4687-9A2A-E3A5601A2BC4}.Release.Build.0 = Release|Win32
		{0DC86032-3ED0-4687-9A2A-E3A5601A2BC4}.TRelease.ActiveCfg = Release|Win32
		{0DC86032-3ED0-4687-9A2A-E3A5601A2BC4}.TRelease.Build.0 = Release|Win32
		{A0B46AC8-9D79-470E-A9F6-CD7F168E6749}.Debug.ActiveCfg = Debug|Win32
		{A0B46AC8-9D79-470E-A9F6-CD7F168E6749}.Debug.Build.0 = Debug|Win32
		{A0B46AC8-9D79-470E-A9F6-CD7F168E6749}.Release.ActiveCfg = Release|Win32
		{A0B46AC8-9D79-470E-A9F6-CD7F168E6749}.Release.Build.0 = Release|Win32
		{A0B46AC8-9D79-470E-A9F6-CD7F168E6749}.TRelease.ActiveCfg = Release|Win32
		{A0B46AC8-9D79-470E-A9F6-CD7F168E6749}.TRelease.Build.0 = Release|Win32
		{81ABF0EA-ED68-43CA-9A08-B3A009A46D23}.Debug.ActiveCfg = Debug|Win32
		{81ABF0EA-ED68-43CA-9A08-B3A009A46D23}.Debug.Build.0 = Debug|Win32
		{81ABF0EA-ED68-43CA-9A08-B3A009A46D23}.Release.ActiveCfg = Release|Win32
		{81ABF0EA-ED68-43CA-9A08-B3A009A46D23}.Release.Build.0 = Release|Win32
		{81ABF0EA-ED68-43CA-9A08-B3A009A46D23}.TRelease.ActiveCfg = Release|Win32
		{81ABF0EA-ED68-43CA-9A08-B3A009A46D23}.TRelease.Build.0 = Release|Win32
		{B28AD36B-F6AB-4D82-A264-E7322ACE24DF}.Debug.ActiveCfg = Debug|Win32
		{B28AD36B-F6AB-4D82-A264-E7322ACE24DF}.Debug.Build.0 = Debug|Win32
		{B28AD36B-F6AB-4D82-A264-E7322ACE24DF}.Release.ActiveCfg = Release|Win32
		{B28AD36B-F6AB-4D82-A264-E7322ACE24DF}.Release.Build.0 = Release|Win32
		{B28AD36B-F6AB-4D82-A264-E7322ACE24DF}.TRelease.ActiveCfg = Release|Win32
		{B28AD36B-F6AB-4D82-A264-E7322ACE24DF}.TRelease.Build.0 = Release|Win32
	EndGlobalSection
	GlobalSection(ExtensibilityGlobals) = postSolution
	EndGlobalSection
	GlobalSection(ExtensibilityAddIns) = postSolution
	EndGlobalSection
EndGlobal
