
Microsoft Visual Studio Solution File, Format Version 9.00
# Visual Studio 2005
Project("{8BC9CEB8-8B4A-11D0-8D11-00A0C91BC942}") = "test_cwf", "test_cwf.vcproj", "{C3B638DB-AF24-4245-A34F-4CD2C27D4ACF}"
EndProject
Project("{8BC9CEB8-8B4A-11D0-8D11-00A0C91BC942}") = "ctemplate", "ctemplate.vcproj", "{B7C5FB94-D93A-446B-A0F9-3029F0ACD2F2}"
EndProject
Project("{8BC9CEB8-8B4A-11D0-8D11-00A0C91BC942}") = "test_template", "test_template.vcproj", "{B11638DB-AF24-3245-A34E-4CE2C27D4ACE}"
EndProject
Project("{8BC9CEB8-8B4A-11D0-8D11-00A0C91BC942}") = "unittest_dict", "unittest_dict.vcproj", "{B11638DB-AE23-3245-A34E-4CE2E27D4ACF}"
EndProject
Project("{8BC9CEB8-8B4A-11D0-8D11-00A0C91BC942}") = "unittest_template", "unittest_template.vcproj", "{B11638DB-A023-3135-A34E-4DE2E27D4ACF}"
EndProject
Project("{8BC9CEB8-8B4A-11D0-8D11-00A0C91BC942}") = "regtest", "rettest.vcproj", "{B12338DB-AE21-3245-A34E-4CE2E27D4ACA}"
EndProject
Project("{8BC9CEB8-8B4A-11D0-8D11-00A0C91BC942}") = "test_http", "test_http.vcproj", "{C3B638DB-AF24-4245-A45F-4CD2C27D4ADA}"
EndProject
Project("{2150E333-8FDC-42A3-9474-1A3956D46DE8}") = "g", "g", "{FA91BBC8-66FC-4B65-8917-661F15E8EFBB}"
EndProject
Project("{8BC9CEB8-8B4A-11D0-8D11-00A0C91BC942}") = "test_gzip", "test_gzip.vcproj", "{C31638DB-AF24-3245-A34F-4CE2C27D4ACE}"
EndProject
Project("{2150E333-8FDC-42A3-9474-1A3956D46DE8}") = "test", "test", "{62020A90-51F6-42DB-B06D-8CBB71D098EC}"
EndProject
Project("{8BC9CEB8-8B4A-11D0-8D11-00A0C91BC942}") = "test_render", "test_render.vcproj", "{B11638DB-AF24-3245-A34E-4CE2D27D4ACF}"
EndProject
Global
	GlobalSection(SolutionConfigurationPlatforms) = preSolution
		Debug|Win32 = Debug|Win32
		Release|Win32 = Release|Win32
	EndGlobalSection
	GlobalSection(ProjectConfigurationPlatforms) = postSolution
		{C3B638DB-AF24-4245-A34F-4CD2C27D4ACF}.Debug|Win32.ActiveCfg = Debug|Win32
		{C3B638DB-AF24-4245-A34F-4CD2C27D4ACF}.Release|Win32.ActiveCfg = Release|Win32
		{C3B638DB-AF24-4245-A34F-4CD2C27D4ACF}.Release|Win32.Build.0 = Release|Win32
		{B7C5FB94-D93A-446B-A0F9-3029F0ACD2F2}.Debug|Win32.ActiveCfg = Debug|Win32
		{B7C5FB94-D93A-446B-A0F9-3029F0ACD2F2}.Release|Win32.ActiveCfg = Release|Win32
		{B7C5FB94-D93A-446B-A0F9-3029F0ACD2F2}.Release|Win32.Build.0 = Release|Win32
		{B11638DB-AF24-3245-A34E-4CE2C27D4ACE}.Debug|Win32.ActiveCfg = Debug|Win32
		{B11638DB-AF24-3245-A34E-4CE2C27D4ACE}.Release|Win32.ActiveCfg = Release|Win32
		{B11638DB-AF24-3245-A34E-4CE2C27D4ACE}.Release|Win32.Build.0 = Release|Win32
		{B11638DB-AE23-3245-A34E-4CE2E27D4ACF}.Debug|Win32.ActiveCfg = Debug|Win32
		{B11638DB-AE23-3245-A34E-4CE2E27D4ACF}.Release|Win32.ActiveCfg = Release|Win32
		{B11638DB-AE23-3245-A34E-4CE2E27D4ACF}.Release|Win32.Build.0 = Release|Win32
		{B11638DB-A023-3135-A34E-4DE2E27D4ACF}.Debug|Win32.ActiveCfg = Debug|Win32
		{B11638DB-A023-3135-A34E-4DE2E27D4ACF}.Release|Win32.ActiveCfg = Release|Win32
		{B11638DB-A023-3135-A34E-4DE2E27D4ACF}.Release|Win32.Build.0 = Release|Win32
		{B12338DB-AE21-3245-A34E-4CE2E27D4ACA}.Debug|Win32.ActiveCfg = Debug|Win32
		{B12338DB-AE21-3245-A34E-4CE2E27D4ACA}.Release|Win32.ActiveCfg = Release|Win32
		{B12338DB-AE21-3245-A34E-4CE2E27D4ACA}.Release|Win32.Build.0 = Release|Win32
		{C3B638DB-AF24-4245-A45F-4CD2C27D4ADA}.Debug|Win32.ActiveCfg = Debug|Win32
		{C3B638DB-AF24-4245-A45F-4CD2C27D4ADA}.Release|Win32.ActiveCfg = Release|Win32
		{C3B638DB-AF24-4245-A45F-4CD2C27D4ADA}.Release|Win32.Build.0 = Release|Win32
		{C31638DB-AF24-3245-A34F-4CE2C27D4ACE}.Debug|Win32.ActiveCfg = Debug|Win32
		{C31638DB-AF24-3245-A34F-4CE2C27D4ACE}.Debug|Win32.Build.0 = Debug|Win32
		{C31638DB-AF24-3245-A34F-4CE2C27D4ACE}.Release|Win32.ActiveCfg = Release|Win32
		{C31638DB-AF24-3245-A34F-4CE2C27D4ACE}.Release|Win32.Build.0 = Release|Win32
		{B11638DB-AF24-3245-A34E-4CE2D27D4ACF}.Debug|Win32.ActiveCfg = Debug|Win32
		{B11638DB-AF24-3245-A34E-4CE2D27D4ACF}.Debug|Win32.Build.0 = Debug|Win32
		{B11638DB-AF24-3245-A34E-4CE2D27D4ACF}.Release|Win32.ActiveCfg = Release|Win32
		{B11638DB-AF24-3245-A34E-4CE2D27D4ACF}.Release|Win32.Build.0 = Release|Win32
	EndGlobalSection
	GlobalSection(SolutionProperties) = preSolution
		HideSolutionNode = FALSE
	EndGlobalSection
	GlobalSection(NestedProjects) = preSolution
		{B12338DB-AE21-3245-A34E-4CE2E27D4ACA} = {FA91BBC8-66FC-4B65-8917-661F15E8EFBB}
		{B11638DB-AE23-3245-A34E-4CE2E27D4ACF} = {FA91BBC8-66FC-4B65-8917-661F15E8EFBB}
		{B11638DB-A023-3135-A34E-4DE2E27D4ACF} = {FA91BBC8-66FC-4B65-8917-661F15E8EFBB}
		{B7C5FB94-D93A-446B-A0F9-3029F0ACD2F2} = {FA91BBC8-66FC-4B65-8917-661F15E8EFBB}
		{C31638DB-AF24-3245-A34F-4CE2C27D4ACE} = {62020A90-51F6-42DB-B06D-8CBB71D098EC}
		{C3B638DB-AF24-4245-A34F-4CD2C27D4ACF} = {62020A90-51F6-42DB-B06D-8CBB71D098EC}
		{C3B638DB-AF24-4245-A45F-4CD2C27D4ADA} = {62020A90-51F6-42DB-B06D-8CBB71D098EC}
	EndGlobalSection
EndGlobal
